// !$*UTF8*$!
{
	archiveVersion = 1;
	classes = {
	};
	objectVersion = 77;
	objects = {

/* Begin PBXBuildFile section */
		16847F9110C1C667D621AC45 /* Cocoa.framework in Frameworks */ = {isa = PBXBuildFile; fileRef = 8E23613B199896A5DD0FC2BB /* Cocoa.framework */; };
		2DE422E495504204A8B4D890 /* FluidAudio in Frameworks */ = {isa = PBXBuildFile; productRef = 3B9944FCDBF0437F952241BC /* FluidAudio */; };
		37798B7E2F7A4B2000FAAFD1 /* AXorcist in Frameworks */ = {isa = PBXBuildFile; productRef = 026BEE407424C5C195DE8F03 /* AXorcist */; };
		37798B7F2F7A4B2000FAAFD1 /* CasePaths in Frameworks */ = {isa = PBXBuildFile; productRef = 15C0465AEB781CAC239453CD /* CasePaths */; };
		37798B802F7A4B2000FAAFD1 /* IdentifiedCollections in Frameworks */ = {isa = PBXBuildFile; productRef = 1A49FDC9D3A96580756DD5ED /* IdentifiedCollections */; };
		37798B812F7A4B2000FAAFD1 /* Sharing in Frameworks */ = {isa = PBXBuildFile; productRef = 214CD0B6112373FF134D3F0C /* Sharing */; };
		37798B822F7A4B2000FAAFD1 /* Clocks in Frameworks */ = {isa = PBXBuildFile; productRef = 666EE21E76FBCFAFB6CFB6C7 /* Clocks */; };
		37798B832F7A4B2000FAAFD1 /* ConcurrencyExtras in Frameworks */ = {isa = PBXBuildFile; productRef = F5743EA87D52A3991976EB0E /* ConcurrencyExtras */; };
		37798B842F7A4B2000FAAFD1 /* IssueReporting in Frameworks */ = {isa = PBXBuildFile; productRef = 4303D8322FB668DC38AB6018 /* IssueReporting */; };
		37798B852F7A4B2000FAAFD1 /* Perception in Frameworks */ = {isa = PBXBuildFile; productRef = CDE567DF5980ADAAA3B5E3E8 /* Perception */; };
		37798B862F7A4B2000FAAFD1 /* CustomDump in Frameworks */ = {isa = PBXBuildFile; productRef = A46E807918773E4595BA1134 /* CustomDump */; };
		37798B872F7A4B2000FAAFD1 /* SwiftNavigation in Frameworks */ = {isa = PBXBuildFile; productRef = D8214A7E522E16B329D19381 /* SwiftNavigation */; };
		37798B882F7A4B2000FAAFD1 /* ComposableArchitecture in Frameworks */ = {isa = PBXBuildFile; productRef = E8AAC6380D96264606627FFE /* ComposableArchitecture */; };
		37798B892F7A4B2000FAAFD1 /* Dependencies in Frameworks */ = {isa = PBXBuildFile; productRef = D8F03E26D6C7C1DADA9EBD5C /* Dependencies */; };
		37798B8A2F7A4B2000FAAFD1 /* DependenciesMacros in Frameworks */ = {isa = PBXBuildFile; productRef = 510DE99898ED98A98EA00074 /* DependenciesMacros */; };
		37798CB12F7A4B8200FAAFD1 /* Sauce in Frameworks */ = {isa = PBXBuildFile; productRef = CDA7122B55A3E7005199AC18 /* Sauce */; };
		377990852F7A4CF800FAAFD1 /* IssueReporting in Frameworks */ = {isa = PBXBuildFile; productRef = 55EB14581A7A77F45016B74E /* IssueReporting */; };
		377990862F7A4CF800FAAFD1 /* ConcurrencyExtras in Frameworks */ = {isa = PBXBuildFile; productRef = 308BB8438F4D3B47B457BB1D /* ConcurrencyExtras */; };
		377990872F7A4CF800FAAFD1 /* Clocks in Frameworks */ = {isa = PBXBuildFile; productRef = B13BCBF62A0026E6C49C8B23 /* Clocks */; };
		377990882F7A4CF800FAAFD1 /* CasePaths in Frameworks */ = {isa = PBXBuildFile; productRef = 5BAEC2B4F7B077AFA58FE153 /* CasePaths */; };
		377990892F7A4CF800FAAFD1 /* IdentifiedCollections in Frameworks */ = {isa = PBXBuildFile; productRef = ADA9CC764388229BF645AC0D /* IdentifiedCollections */; };
		3779908A2F7A4CF800FAAFD1 /* Sharing in Frameworks */ = {isa = PBXBuildFile; productRef = 357C1A50A91F15118BC185C4 /* Sharing */; };
		3779908B2F7A4CF800FAAFD1 /* Perception in Frameworks */ = {isa = PBXBuildFile; productRef = C68C753588DB5F3169873099 /* Perception */; };
		3779908C2F7A4CF800FAAFD1 /* CustomDump in Frameworks */ = {isa = PBXBuildFile; productRef = 227F0592816A17126D6C6878 /* CustomDump */; };
		3779908D2F7A4CF800FAAFD1 /* SwiftNavigation in Frameworks */ = {isa = PBXBuildFile; productRef = 47F37C5EC9694CD4D44182EC /* SwiftNavigation */; };
		3779908E2F7A4CF800FAAFD1 /* CombineSchedulers in Frameworks */ = {isa = PBXBuildFile; productRef = C5562093AA581178D34EC294 /* CombineSchedulers */; };
		3779908F2F7A4CF800FAAFD1 /* XCTestDynamicOverlay in Frameworks */ = {isa = PBXBuildFile; productRef = 7433F6E64A031D1C4AE440B4 /* XCTestDynamicOverlay */; };
		377990902F7A4CF800FAAFD1 /* (null) in Frameworks */ = {isa = PBXBuildFile; };
		377990912F7A4CF800FAAFD1 /* (null) in Frameworks */ = {isa = PBXBuildFile; };
		377990922F7A4CF800FAAFD1 /* (null) in Frameworks */ = {isa = PBXBuildFile; };
		377990932F7A4CF800FAAFD1 /* (null) in Frameworks */ = {isa = PBXBuildFile; };
		377990942F7A4CF800FAAFD1 /* (null) in Frameworks */ = {isa = PBXBuildFile; };
		377999182F7AD84400FAAFD1 /* Dependencies in Frameworks */ = {isa = PBXBuildFile; productRef = 9B1137862CEB38C43538B9BE /* Dependencies */; };
		377999192F7AD84400FAAFD1 /* DependenciesMacros in Frameworks */ = {isa = PBXBuildFile; productRef = D0046C259393F2A4938AB19A /* DependenciesMacros */; };
		3779991A2F7AD84400FAAFD1 /* Sauce in Frameworks */ = {isa = PBXBuildFile; productRef = F54DF918503E20282D61202F /* Sauce */; };
		4F0D6A042F1A000100000002 /* Sharing in Frameworks */ = {isa = PBXBuildFile; productRef = 4F0D6A052F1A000100000002 /* Sharing */; };
		4F0D6A062F1A000100000003 /* CasePaths in Frameworks */ = {isa = PBXBuildFile; productRef = 4F0D6A072F1A000100000003 /* CasePaths */; };
		3779991B2F7AD84400FAAFD1 /* IssueReporting in Frameworks */ = {isa = PBXBuildFile; productRef = 3F2D910B1F803177B9C3D83A /* IssueReporting */; };
		3779991C2F7AD84400FAAFD1 /* ConcurrencyExtras in Frameworks */ = {isa = PBXBuildFile; productRef = 93CBD2F56664506274695FFE /* ConcurrencyExtras */; };
		47512ABF2E14D8C9000E25BA /* WhisperKit in Frameworks */ = {isa = PBXBuildFile; productRef = 47512ABE2E14D8C9000E25BA /* WhisperKit */; };
		4765045E2D45900200C7EA60 /* Pow in Frameworks */ = {isa = PBXBuildFile; productRef = 4765045D2D45900200C7EA60 /* Pow */; };
		47C08AB62DE9F61B00564AE6 /* Inject in Frameworks */ = {isa = PBXBuildFile; productRef = 47C08AB52DE9F61B00564AE6 /* Inject */; };
		47E05E022D444EE900D26DA6 /* ComposableArchitecture in Frameworks */ = {isa = PBXBuildFile; productRef = 47E05E012D444EE900D26DA6 /* ComposableArchitecture */; };
		47E05E052D444EF800D26DA6 /* Sauce in Frameworks */ = {isa = PBXBuildFile; productRef = 47E05E042D444EF800D26DA6 /* Sauce */; };
		47E05E0A2D44525B00D26DA6 /* Dependencies in Frameworks */ = {isa = PBXBuildFile; productRef = 47E05E092D44525B00D26DA6 /* Dependencies */; };
		47E05E0C2D44525B00D26DA6 /* DependenciesMacros in Frameworks */ = {isa = PBXBuildFile; productRef = 47E05E0B2D44525B00D26DA6 /* DependenciesMacros */; };
		47E16A622EC6C9D300885CF7 /* FluidAudio in Frameworks */ = {isa = PBXBuildFile; productRef = 47E16A612EC6C9D300885CF7 /* FluidAudio */; };
		4F0D6A022F1A000100000001 /* ComposableArchitecture in Frameworks */ = {isa = PBXBuildFile; productRef = 47E05E012D444EE900D26DA6 /* ComposableArchitecture */; };
		68E96F0176EC4A6C9979E3D6 /* WhisperKit in Frameworks */ = {isa = PBXBuildFile; productRef = F2A621BA7C114F699E1DE995 /* WhisperKit */; };
		B5045C972D78DED500D0A119 /* MarkdownUI in Frameworks */ = {isa = PBXBuildFile; productRef = B5045C962D78DED500D0A119 /* MarkdownUI */; };
		B53356002D7B8D4900E5F542 /* Localizable.xcstrings in Resources */ = {isa = PBXBuildFile; fileRef = B53355FF2D7B8D4900E5F542 /* Localizable.xcstrings */; };
		C84995FA9130723B621B5575 /* KolCore.framework in Frameworks */ = {isa = PBXBuildFile; fileRef = B7F7962AB52729F8E987112D /* KolCore.framework */; };
		E1A2B3C4D5E6F70812345678 /* KolCore.framework in Embed Frameworks */ = {isa = PBXBuildFile; fileRef = B7F7962AB52729F8E987112D /* KolCore.framework */; settings = {ATTRIBUTES = (CodeSignOnCopy, RemoveHeadersOnCopy, ); }; };
		FCDB5A11B2A3B902784F1FA1 /* KolCore.framework in Frameworks */ = {isa = PBXBuildFile; fileRef = B7F7962AB52729F8E987112D /* KolCore.framework */; };
/* End PBXBuildFile section */

/* Begin PBXContainerItemProxy section */
		2E71D2DF50AC949E6FEAF1B1 /* PBXContainerItemProxy */ = {
			isa = PBXContainerItemProxy;
			containerPortal = 47E05DE62D444EC600D26DA6 /* Project object */;
			proxyType = 1;
			remoteGlobalIDString = C0F28447D849A6C88523AB5A;
			remoteInfo = KolCore;
		};
		478637A92D48725900319BFA /* PBXContainerItemProxy */ = {
			isa = PBXContainerItemProxy;
			containerPortal = 47E05DE62D444EC600D26DA6 /* Project object */;
			proxyType = 1;
			remoteGlobalIDString = 47E05DED2D444EC600D26DA6;
			remoteInfo = Kol;
		};
		D2F7C41E80D10EF1412734DB /* PBXContainerItemProxy */ = {
			isa = PBXContainerItemProxy;
			containerPortal = 47E05DE62D444EC600D26DA6 /* Project object */;
			proxyType = 1;
			remoteGlobalIDString = C0F28447D849A6C88523AB5A;
			remoteInfo = KolCore;
		};
/* End PBXContainerItemProxy section */

/* Begin PBXCopyFilesBuildPhase section */
		E1A2B3C4D5E6F70800000001 /* Embed Frameworks */ = {
			isa = PBXCopyFilesBuildPhase;
			buildActionMask = 2147483647;
			dstPath = "";
			dstSubfolderSpec = 10;
			files = (
				E1A2B3C4D5E6F70812345678 /* KolCore.framework in Embed Frameworks */,
			);
			name = "Embed Frameworks";
			runOnlyForDeploymentPostprocessing = 0;
		};
/* End PBXCopyFilesBuildPhase section */

/* Begin PBXFileReference section */
		473544502D445936001FBCB5 /* XCTest.framework */ = {isa = PBXFileReference; lastKnownFileType = wrapper.framework; name = XCTest.framework; path = Platforms/MacOSX.platform/Developer/Library/Frameworks/XCTest.framework; sourceTree = DEVELOPER_DIR; };
		473544542D445959001FBCB5 /* Testing.framework */ = {isa = PBXFileReference; lastKnownFileType = wrapper.framework; name = Testing.framework; path = Platforms/MacOSX.platform/Developer/Library/Frameworks/Testing.framework; sourceTree = DEVELOPER_DIR; };
		478637A52D48725900319BFA /* KolTests.xctest */ = {isa = PBXFileReference; explicitFileType = wrapper.cfbundle; includeInIndex = 0; path = KolTests.xctest; sourceTree = BUILT_PRODUCTS_DIR; };
		47E05DEE2D444EC600D26DA6 /* Kol.app */ = {isa = PBXFileReference; explicitFileType = wrapper.application; includeInIndex = 0; path = Kol.app; sourceTree = BUILT_PRODUCTS_DIR; };
		8E23613B199896A5DD0FC2BB /* Cocoa.framework */ = {isa = PBXFileReference; lastKnownFileType = wrapper.framework; name = Cocoa.framework; path = Platforms/MacOSX.platform/Developer/SDKs/MacOSX15.0.sdk/System/Library/Frameworks/Cocoa.framework; sourceTree = DEVELOPER_DIR; };
		B53355FF2D7B8D4900E5F542 /* Localizable.xcstrings */ = {isa = PBXFileReference; lastKnownFileType = text.json.xcstrings; path = Localizable.xcstrings; sourceTree = "<group>"; };
		B7F7962AB52729F8E987112D /* KolCore.framework */ = {isa = PBXFileReference; explicitFileType = wrapper.framework; includeInIndex = 0; path = KolCore.framework; sourceTree = BUILT_PRODUCTS_DIR; };
/* End PBXFileReference section */

/* Begin PBXFileSystemSynchronizedBuildFileExceptionSet section */
		476BAD402D47E8500088C61F /* Exceptions for "Kol" folder in "Kol" target */ = {
			isa = PBXFileSystemSynchronizedBuildFileExceptionSet;
			membershipExceptions = (
				Info.plist,
			);
			target = 47E05DED2D444EC600D26DA6 /* Kol */;
		};
/* End PBXFileSystemSynchronizedBuildFileExceptionSet section */

/* Begin PBXFileSystemSynchronizedRootGroup section */
		47E05DF02D444EC600D26DA6 /* Kol */ = {
			isa = PBXFileSystemSynchronizedRootGroup;
			exceptions = (
				476BAD402D47E8500088C61F /* Exceptions for "Kol" folder in "Kol" target */,
			);
			path = Kol;
			sourceTree = "<group>";
		};
		4F0D6A032F1A000100000001 /* KolTests */ = {
			isa = PBXFileSystemSynchronizedRootGroup;
			path = KolTests;
			sourceTree = "<group>";
		};
		735738841F0E32A16C6EABCE /* KolCore */ = {
			isa = PBXFileSystemSynchronizedRootGroup;
			path = KolCore;
			sourceTree = "<group>";
		};
/* End PBXFileSystemSynchronizedRootGroup section */

/* Begin PBXFrameworksBuildPhase section */
		1914AD5C7E936089020ED6B9 /* Frameworks */ = {
			isa = PBXFrameworksBuildPhase;
			buildActionMask = 2147483647;
			files = (
				3779908F2F7A4CF800FAAFD1 /* XCTestDynamicOverlay in Frameworks */,
				3779908E2F7A4CF800FAAFD1 /* CombineSchedulers in Frameworks */,
				3779908D2F7A4CF800FAAFD1 /* SwiftNavigation in Frameworks */,
				3779908C2F7A4CF800FAAFD1 /* CustomDump in Frameworks */,
				3779908B2F7A4CF800FAAFD1 /* Perception in Frameworks */,
				3779908A2F7A4CF800FAAFD1 /* Sharing in Frameworks */,
				377990892F7A4CF800FAAFD1 /* IdentifiedCollections in Frameworks */,
				377990882F7A4CF800FAAFD1 /* CasePaths in Frameworks */,
				377990872F7A4CF800FAAFD1 /* Clocks in Frameworks */,
				377990862F7A4CF800FAAFD1 /* ConcurrencyExtras in Frameworks */,
				377990852F7A4CF800FAAFD1 /* IssueReporting in Frameworks */,
				37798CB12F7A4B8200FAAFD1 /* Sauce in Frameworks */,
				37798B8A2F7A4B2000FAAFD1 /* DependenciesMacros in Frameworks */,
				37798B892F7A4B2000FAAFD1 /* Dependencies in Frameworks */,
				37798B882F7A4B2000FAAFD1 /* ComposableArchitecture in Frameworks */,
				16847F9110C1C667D621AC45 /* Cocoa.framework in Frameworks */,
			);
			runOnlyForDeploymentPostprocessing = 0;
		};
		478637A22D48725900319BFA /* Frameworks */ = {
			isa = PBXFrameworksBuildPhase;
			buildActionMask = 2147483647;
			files = (
				3779991C2F7AD84400FAAFD1 /* ConcurrencyExtras in Frameworks */,
				3779991B2F7AD84400FAAFD1 /* IssueReporting in Frameworks */,
				3779991A2F7AD84400FAAFD1 /* Sauce in Frameworks */,
				377999192F7AD84400FAAFD1 /* DependenciesMacros in Frameworks */,
				377999182F7AD84400FAAFD1 /* Dependencies in Frameworks */,
				4F0D6A022F1A000100000001 /* ComposableArchitecture in Frameworks */,
				4F0D6A042F1A000100000002 /* Sharing in Frameworks */,
				4F0D6A062F1A000100000003 /* CasePaths in Frameworks */,
				FCDB5A11B2A3B902784F1FA1 /* KolCore.framework in Frameworks */,
			);
			runOnlyForDeploymentPostprocessing = 0;
		};
		47E05DEB2D444EC600D26DA6 /* Frameworks */ = {
			isa = PBXFrameworksBuildPhase;
			buildActionMask = 2147483647;
			files = (
				37798B872F7A4B2000FAAFD1 /* SwiftNavigation in Frameworks */,
				37798B862F7A4B2000FAAFD1 /* CustomDump in Frameworks */,
				37798B852F7A4B2000FAAFD1 /* Perception in Frameworks */,
				37798B842F7A4B2000FAAFD1 /* IssueReporting in Frameworks */,
				37798B832F7A4B2000FAAFD1 /* ConcurrencyExtras in Frameworks */,
				37798B822F7A4B2000FAAFD1 /* Clocks in Frameworks */,
				37798B812F7A4B2000FAAFD1 /* Sharing in Frameworks */,
				37798B802F7A4B2000FAAFD1 /* IdentifiedCollections in Frameworks */,
				37798B7F2F7A4B2000FAAFD1 /* CasePaths in Frameworks */,
				37798B7E2F7A4B2000FAAFD1 /* AXorcist in Frameworks */,
				47E05E0A2D44525B00D26DA6 /* Dependencies in Frameworks */,
				B5045C972D78DED500D0A119 /* MarkdownUI in Frameworks */,
				47512ABF2E14D8C9000E25BA /* WhisperKit in Frameworks */,
				47E05E052D444EF800D26DA6 /* Sauce in Frameworks */,
				47E16A622EC6C9D300885CF7 /* FluidAudio in Frameworks */,
				47C08AB62DE9F61B00564AE6 /* Inject in Frameworks */,
				4765045E2D45900200C7EA60 /* Pow in Frameworks */,
				47E05E0C2D44525B00D26DA6 /* DependenciesMacros in Frameworks */,
				47E05E022D444EE900D26DA6 /* ComposableArchitecture in Frameworks */,
				C84995FA9130723B621B5575 /* KolCore.framework in Frameworks */,
			);
			runOnlyForDeploymentPostprocessing = 0;
		};
/* End PBXFrameworksBuildPhase section */

/* Begin PBXGroup section */
		4735444F2D445936001FBCB5 /* Frameworks */ = {
			isa = PBXGroup;
			children = (
				473544542D445959001FBCB5 /* Testing.framework */,
				473544502D445936001FBCB5 /* XCTest.framework */,
				E92A0C77CE65D3CD8EFF8132 /* OS X */,
			);
			name = Frameworks;
			sourceTree = "<group>";
		};
		47E05DE52D444EC600D26DA6 = {
			isa = PBXGroup;
			children = (
				B53355FF2D7B8D4900E5F542 /* Localizable.xcstrings */,
				47E05DF02D444EC600D26DA6 /* Kol */,
				4F0D6A032F1A000100000001 /* KolTests */,
				4735444F2D445936001FBCB5 /* Frameworks */,
				47E05DEF2D444EC600D26DA6 /* Products */,
				735738841F0E32A16C6EABCE /* KolCore */,
			);
			sourceTree = "<group>";
		};
		47E05DEF2D444EC600D26DA6 /* Products */ = {
			isa = PBXGroup;
			children = (
				47E05DEE2D444EC600D26DA6 /* Kol.app */,
				478637A52D48725900319BFA /* KolTests.xctest */,
				B7F7962AB52729F8E987112D /* KolCore.framework */,
			);
			name = Products;
			sourceTree = "<group>";
		};
		E92A0C77CE65D3CD8EFF8132 /* OS X */ = {
			isa = PBXGroup;
			children = (
				8E23613B199896A5DD0FC2BB /* Cocoa.framework */,
			);
			name = "OS X";
			sourceTree = "<group>";
		};
/* End PBXGroup section */

/* Begin PBXHeadersBuildPhase section */
		4CAE803EE60764898D1298A7 /* Headers */ = {
			isa = PBXHeadersBuildPhase;
			buildActionMask = 2147483647;
			files = (
			);
			runOnlyForDeploymentPostprocessing = 0;
		};
/* End PBXHeadersBuildPhase section */

/* Begin PBXNativeTarget section */
		478637A42D48725900319BFA /* KolTests */ = {
			isa = PBXNativeTarget;
			buildConfigurationList = 478637AB2D48725900319BFA /* Build configuration list for PBXNativeTarget "KolTests" */;
			buildPhases = (
				478637A12D48725900319BFA /* Sources */,
				478637A22D48725900319BFA /* Frameworks */,
				478637A32D48725900319BFA /* Resources */,
			);
			buildRules = (
			);
			dependencies = (
				478637AA2D48725900319BFA /* PBXTargetDependency */,
				0D55063CF82B0EDF4F84F0DE /* PBXTargetDependency */,
			);
			fileSystemSynchronizedGroups = (
				4F0D6A032F1A000100000001 /* KolTests */,
			);
			name = KolTests;
			packageProductDependencies = (
				47E05E012D444EE900D26DA6 /* ComposableArchitecture */,
				9B1137862CEB38C43538B9BE /* Dependencies */,
				D0046C259393F2A4938AB19A /* DependenciesMacros */,
				F54DF918503E20282D61202F /* Sauce */,
				3F2D910B1F803177B9C3D83A /* IssueReporting */,
				93CBD2F56664506274695FFE /* ConcurrencyExtras */,
				3B9944FCDBF0437F952241BC /* FluidAudio */,
				F2A621BA7C114F699E1DE995 /* WhisperKit */,
				4F0D6A052F1A000100000002 /* Sharing */,
				4F0D6A072F1A000100000003 /* CasePaths */,
			);
			productName = KolTests;
			productReference = 478637A52D48725900319BFA /* KolTests.xctest */;
			productType = "com.apple.product-type.bundle.unit-test";
		};
		47E05DED2D444EC600D26DA6 /* Kol */ = {
			isa = PBXNativeTarget;
			buildConfigurationList = 47E05DFD2D444EC700D26DA6 /* Build configuration list for PBXNativeTarget "Kol" */;
			buildPhases = (
				47E05DEA2D444EC600D26DA6 /* Sources */,
				47E05DEB2D444EC600D26DA6 /* Frameworks */,
				47E05DEC2D444EC600D26DA6 /* Resources */,
				E1A2B3C4D5E6F70800000001 /* Embed Frameworks */,
			);
			buildRules = (
			);
			dependencies = (
				9943CFB168683AA50D57156D /* PBXTargetDependency */,
			);
			fileSystemSynchronizedGroups = (
				47E05DF02D444EC600D26DA6 /* Kol */,
			);
			name = Kol;
			packageProductDependencies = (
				47E05E012D444EE900D26DA6 /* ComposableArchitecture */,
				47E05E042D444EF800D26DA6 /* Sauce */,
				47E05E092D44525B00D26DA6 /* Dependencies */,
				47E05E0B2D44525B00D26DA6 /* DependenciesMacros */,
				4765045D2D45900200C7EA60 /* Pow */,
				B5045C962D78DED500D0A119 /* MarkdownUI */,
				47C08AB52DE9F61B00564AE6 /* Inject */,
				47512ABE2E14D8C9000E25BA /* WhisperKit */,
				47E16A612EC6C9D300885CF7 /* FluidAudio */,
				026BEE407424C5C195DE8F03 /* AXorcist */,
				15C0465AEB781CAC239453CD /* CasePaths */,
				1A49FDC9D3A96580756DD5ED /* IdentifiedCollections */,
				214CD0B6112373FF134D3F0C /* Sharing */,
				666EE21E76FBCFAFB6CFB6C7 /* Clocks */,
				F5743EA87D52A3991976EB0E /* ConcurrencyExtras */,
				4303D8322FB668DC38AB6018 /* IssueReporting */,
				CDE567DF5980ADAAA3B5E3E8 /* Perception */,
				A46E807918773E4595BA1134 /* CustomDump */,
				D8214A7E522E16B329D19381 /* SwiftNavigation */,
			);
			productName = Kol;
			productReference = 47E05DEE2D444EC600D26DA6 /* Kol.app */;
			productType = "com.apple.product-type.application";
		};
		C0F28447D849A6C88523AB5A /* KolCore */ = {
			isa = PBXNativeTarget;
			buildConfigurationList = 6AD29015EA26326DE1AE749B /* Build configuration list for PBXNativeTarget "KolCore" */;
			buildPhases = (
				4CAE803EE60764898D1298A7 /* Headers */,
				40B74093F7BAFC8B2B5DFD4C /* Sources */,
				1914AD5C7E936089020ED6B9 /* Frameworks */,
				9E2779F24458409A940EA083 /* Resources */,
			);
			buildRules = (
			);
			dependencies = (
			);
			fileSystemSynchronizedGroups = (
				735738841F0E32A16C6EABCE /* KolCore */,
			);
			name = KolCore;
			packageProductDependencies = (
				E8AAC6380D96264606627FFE /* ComposableArchitecture */,
				D8F03E26D6C7C1DADA9EBD5C /* Dependencies */,
				510DE99898ED98A98EA00074 /* DependenciesMacros */,
				CDA7122B55A3E7005199AC18 /* Sauce */,
				55EB14581A7A77F45016B74E /* IssueReporting */,
				308BB8438F4D3B47B457BB1D /* ConcurrencyExtras */,
				B13BCBF62A0026E6C49C8B23 /* Clocks */,
				5BAEC2B4F7B077AFA58FE153 /* CasePaths */,
				ADA9CC764388229BF645AC0D /* IdentifiedCollections */,
				357C1A50A91F15118BC185C4 /* Sharing */,
				C68C753588DB5F3169873099 /* Perception */,
				227F0592816A17126D6C6878 /* CustomDump */,
				47F37C5EC9694CD4D44182EC /* SwiftNavigation */,
				C5562093AA581178D34EC294 /* CombineSchedulers */,
				7433F6E64A031D1C4AE440B4 /* XCTestDynamicOverlay */,
			);
			productName = KolCore;
			productReference = B7F7962AB52729F8E987112D /* KolCore.framework */;
			productType = "com.apple.product-type.framework";
		};
/* End PBXNativeTarget section */

/* Begin PBXProject section */
		47E05DE62D444EC600D26DA6 /* Project object */ = {
			isa = PBXProject;
			attributes = {
				BuildIndependentTargetsInParallel = 1;
				LastSwiftUpdateCheck = 1620;
				LastUpgradeCheck = 2640;
				TargetAttributes = {
					478637A42D48725900319BFA = {
						CreatedOnToolsVersion = 16.2;
						TestTargetID = 47E05DED2D444EC600D26DA6;
					};
					47E05DED2D444EC600D26DA6 = {
						CreatedOnToolsVersion = 16.2;
					};
				};
			};
			buildConfigurationList = 47E05DE92D444EC600D26DA6 /* Build configuration list for PBXProject "Kol" */;
			developmentRegion = en;
			hasScannedForEncodings = 0;
			knownRegions = (
				en,
				Base,
			);
			mainGroup = 47E05DE52D444EC600D26DA6;
			minimizedProjectReferenceProxies = 1;
			packageReferences = (
				47E05E002D444EE900D26DA6 /* XCRemoteSwiftPackageReference "swift-composable-architecture" */,
				47E05E032D444EF800D26DA6 /* XCRemoteSwiftPackageReference "Sauce" */,
				47E05E082D44525B00D26DA6 /* XCRemoteSwiftPackageReference "swift-dependencies" */,
				4765045C2D45900200C7EA60 /* XCRemoteSwiftPackageReference "Pow" */,
				B5045C952D78DED500D0A119 /* XCRemoteSwiftPackageReference "swift-markdown-ui" */,
				47C08AB42DE9F61B00564AE6 /* XCRemoteSwiftPackageReference "Inject" */,
				47512ABD2E14D8C9000E25BA /* XCRemoteSwiftPackageReference "WhisperKit" */,
				47E16A602EC6C9D300885CF7 /* XCRemoteSwiftPackageReference "FluidAudio" */,
				00ACE93179EC4A99179E8CC3 /* XCRemoteSwiftPackageReference "AXorcist" */,
			);
			preferredProjectObjectVersion = 77;
			productRefGroup = 47E05DEF2D444EC600D26DA6 /* Products */;
			projectDirPath = "";
			projectRoot = "";
			targets = (
				47E05DED2D444EC600D26DA6 /* Kol */,
				478637A42D48725900319BFA /* KolTests */,
				C0F28447D849A6C88523AB5A /* KolCore */,
			);
		};
/* End PBXProject section */

/* Begin PBXResourcesBuildPhase section */
		478637A32D48725900319BFA /* Resources */ = {
			isa = PBXResourcesBuildPhase;
			buildActionMask = 2147483647;
			files = (
			);
			runOnlyForDeploymentPostprocessing = 0;
		};
		47E05DEC2D444EC600D26DA6 /* Resources */ = {
			isa = PBXResourcesBuildPhase;
			buildActionMask = 2147483647;
			files = (
				B53356002D7B8D4900E5F542 /* Localizable.xcstrings in Resources */,
			);
			runOnlyForDeploymentPostprocessing = 0;
		};
		9E2779F24458409A940EA083 /* Resources */ = {
			isa = PBXResourcesBuildPhase;
			buildActionMask = 2147483647;
			files = (
			);
			runOnlyForDeploymentPostprocessing = 0;
		};
/* End PBXResourcesBuildPhase section */

/* Begin PBXSourcesBuildPhase section */
		40B74093F7BAFC8B2B5DFD4C /* Sources */ = {
			isa = PBXSourcesBuildPhase;
			buildActionMask = 2147483647;
			files = (
			);
			runOnlyForDeploymentPostprocessing = 0;
		};
		478637A12D48725900319BFA /* Sources */ = {
			isa = PBXSourcesBuildPhase;
			buildActionMask = 2147483647;
			files = (
			);
			runOnlyForDeploymentPostprocessing = 0;
		};
		47E05DEA2D444EC600D26DA6 /* Sources */ = {
			isa = PBXSourcesBuildPhase;
			buildActionMask = 2147483647;
			files = (
			);
			runOnlyForDeploymentPostprocessing = 0;
		};
/* End PBXSourcesBuildPhase section */

/* Begin PBXTargetDependency section */
		0D55063CF82B0EDF4F84F0DE /* PBXTargetDependency */ = {
			isa = PBXTargetDependency;
			name = KolCore;
			target = C0F28447D849A6C88523AB5A /* KolCore */;
			targetProxy = 2E71D2DF50AC949E6FEAF1B1 /* PBXContainerItemProxy */;
		};
		478637AA2D48725900319BFA /* PBXTargetDependency */ = {
			isa = PBXTargetDependency;
			target = 47E05DED2D444EC600D26DA6 /* Kol */;
			targetProxy = 478637A92D48725900319BFA /* PBXContainerItemProxy */;
		};
		9943CFB168683AA50D57156D /* PBXTargetDependency */ = {
			isa = PBXTargetDependency;
			name = KolCore;
			target = C0F28447D849A6C88523AB5A /* KolCore */;
			targetProxy = D2F7C41E80D10EF1412734DB /* PBXContainerItemProxy */;
		};
/* End PBXTargetDependency section */

/* Begin XCBuildConfiguration section */
		328E1D880B5A4F84E389F480 /* Release */ = {
			isa = XCBuildConfiguration;
			buildSettings = {
				CODE_SIGN_IDENTITY = "Apple Development";
				CODE_SIGN_STYLE = Automatic;
				COMBINE_HIDPI_IMAGES = YES;
				CURRENT_PROJECT_VERSION = 1;
				DEFINES_MODULE = YES;
				DEVELOPMENT_TEAM = G365XP38PA;
				DYLIB_COMPATIBILITY_VERSION = 1;
				DYLIB_CURRENT_VERSION = 1;
				DYLIB_INSTALL_NAME_BASE = "@rpath";
				ENABLE_MODULE_VERIFIER = YES;
				GENERATE_INFOPLIST_FILE = YES;
				INSTALL_PATH = "$(LOCAL_LIBRARY_DIR)/Frameworks";
				LD_RUNPATH_SEARCH_PATHS = (
					"$(inherited)",
					"@executable_path/../Frameworks",
					"@loader_path/Frameworks",
				);
				MACOSX_DEPLOYMENT_TARGET = 26.0;
				MODULE_VERIFIER_SUPPORTED_LANGUAGE_STANDARDS = "gnu17 gnu++20";
				PRODUCT_BUNDLE_IDENTIFIER = com.alandotcom.KolCore;
				PRODUCT_NAME = "$(TARGET_NAME)";
				SDKROOT = macosx;
				SKIP_INSTALL = YES;
				SWIFT_VERSION = 5.0;
				VERSIONING_SYSTEM = "apple-generic";
				VERSION_INFO_PREFIX = "";
			};
			name = Release;
		};
		478637AC2D48725900319BFA /* Debug */ = {
			isa = XCBuildConfiguration;
			buildSettings = {
				CODE_SIGN_STYLE = Automatic;
				CURRENT_PROJECT_VERSION = 101;
				DEAD_CODE_STRIPPING = YES;
				GENERATE_INFOPLIST_FILE = YES;
				LD_RUNPATH_SEARCH_PATHS = (
					"$(inherited)",
					"@loader_path/../Frameworks",
					"$(BUILT_PRODUCTS_DIR)",
				);
				MACOSX_DEPLOYMENT_TARGET = 26.0;
				MARKETING_VERSION = 1.1.0;
				PRODUCT_BUNDLE_IDENTIFIER = com.alandotcom.KolTests;
				PRODUCT_NAME = "$(TARGET_NAME)";
				SWIFT_EMIT_LOC_STRINGS = NO;
				SWIFT_VERSION = 5.0;
			};
			name = Debug;
		};
		478637AD2D48725900319BFA /* Release */ = {
			isa = XCBuildConfiguration;
			buildSettings = {
				CODE_SIGN_STYLE = Automatic;
				CURRENT_PROJECT_VERSION = 101;
				DEAD_CODE_STRIPPING = YES;
				GENERATE_INFOPLIST_FILE = YES;
				LD_RUNPATH_SEARCH_PATHS = (
					"$(inherited)",
					"@loader_path/../Frameworks",
					"$(BUILT_PRODUCTS_DIR)",
				);
				MACOSX_DEPLOYMENT_TARGET = 26.0;
				MARKETING_VERSION = 1.1.0;
				PRODUCT_BUNDLE_IDENTIFIER = com.alandotcom.KolTests;
				PRODUCT_NAME = "$(TARGET_NAME)";
				SWIFT_EMIT_LOC_STRINGS = NO;
				SWIFT_VERSION = 5.0;
			};
			name = Release;
		};
		47E05DFB2D444EC700D26DA6 /* Debug */ = {
			isa = XCBuildConfiguration;
			buildSettings = {
				ALWAYS_SEARCH_USER_PATHS = NO;
				ASSETCATALOG_COMPILER_GENERATE_SWIFT_ASSET_SYMBOL_EXTENSIONS = YES;
				CLANG_ANALYZER_NONNULL = YES;
				CLANG_ANALYZER_NUMBER_OBJECT_CONVERSION = YES_AGGRESSIVE;
				CLANG_CXX_LANGUAGE_STANDARD = "gnu++20";
				CLANG_ENABLE_MODULES = YES;
				CLANG_ENABLE_OBJC_ARC = YES;
				CLANG_ENABLE_OBJC_WEAK = YES;
				CLANG_WARN_BLOCK_CAPTURE_AUTORELEASING = YES;
				CLANG_WARN_BOOL_CONVERSION = YES;
				CLANG_WARN_COMMA = YES;
				CLANG_WARN_CONSTANT_CONVERSION = YES;
				CLANG_WARN_DEPRECATED_OBJC_IMPLEMENTATIONS = YES;
				CLANG_WARN_DIRECT_OBJC_ISA_USAGE = YES_ERROR;
				CLANG_WARN_DOCUMENTATION_COMMENTS = YES;
				CLANG_WARN_EMPTY_BODY = YES;
				CLANG_WARN_ENUM_CONVERSION = YES;
				CLANG_WARN_INFINITE_RECURSION = YES;
				CLANG_WARN_INT_CONVERSION = YES;
				CLANG_WARN_NON_LITERAL_NULL_CONVERSION = YES;
				CLANG_WARN_OBJC_IMPLICIT_RETAIN_SELF = YES;
				CLANG_WARN_OBJC_LITERAL_CONVERSION = YES;
				CLANG_WARN_OBJC_ROOT_CLASS = YES_ERROR;
				CLANG_WARN_QUOTED_INCLUDE_IN_FRAMEWORK_HEADER = YES;
				CLANG_WARN_RANGE_LOOP_ANALYSIS = YES;
				CLANG_WARN_STRICT_PROTOTYPES = YES;
				CLANG_WARN_SUSPICIOUS_MOVE = YES;
				CLANG_WARN_UNGUARDED_AVAILABILITY = YES_AGGRESSIVE;
				CLANG_WARN_UNREACHABLE_CODE = YES;
				CLANG_WARN__DUPLICATE_METHOD_MATCH = YES;
				COPY_PHASE_STRIP = NO;
				DEAD_CODE_STRIPPING = YES;
				DEBUG_INFORMATION_FORMAT = dwarf;
				DEVELOPMENT_TEAM = G365XP38PA;
				ENABLE_STRICT_OBJC_MSGSEND = YES;
				ENABLE_TESTABILITY = YES;
				ENABLE_USER_SCRIPT_SANDBOXING = YES;
				GCC_C_LANGUAGE_STANDARD = gnu17;
				GCC_DYNAMIC_NO_PIC = NO;
				GCC_NO_COMMON_BLOCKS = YES;
				GCC_OPTIMIZATION_LEVEL = 0;
				GCC_PREPROCESSOR_DEFINITIONS = (
					"DEBUG=1",
					"$(inherited)",
				);
				GCC_WARN_64_TO_32_BIT_CONVERSION = YES;
				GCC_WARN_ABOUT_RETURN_TYPE = YES_ERROR;
				GCC_WARN_UNDECLARED_SELECTOR = YES;
				GCC_WARN_UNINITIALIZED_AUTOS = YES_AGGRESSIVE;
				GCC_WARN_UNUSED_FUNCTION = YES;
				GCC_WARN_UNUSED_VARIABLE = YES;
				LOCALIZATION_PREFERS_STRING_CATALOGS = YES;
				MACOSX_DEPLOYMENT_TARGET = 26.0;
				MTL_ENABLE_DEBUG_INFO = INCLUDE_SOURCE;
				MTL_FAST_MATH = YES;
				ONLY_ACTIVE_ARCH = YES;
				SDKROOT = macosx;
				STRING_CATALOG_GENERATE_SYMBOLS = YES;
				SWIFT_ACTIVE_COMPILATION_CONDITIONS = "DEBUG $(inherited)";
				SWIFT_OPTIMIZATION_LEVEL = "-Onone";
			};
			name = Debug;
		};
		47E05DFC2D444EC700D26DA6 /* Release */ = {
			isa = XCBuildConfiguration;
			buildSettings = {
				ALWAYS_SEARCH_USER_PATHS = NO;
				ASSETCATALOG_COMPILER_GENERATE_SWIFT_ASSET_SYMBOL_EXTENSIONS = YES;
				CLANG_ANALYZER_NONNULL = YES;
				CLANG_ANALYZER_NUMBER_OBJECT_CONVERSION = YES_AGGRESSIVE;
				CLANG_CXX_LANGUAGE_STANDARD = "gnu++20";
				CLANG_ENABLE_MODULES = YES;
				CLANG_ENABLE_OBJC_ARC = YES;
				CLANG_ENABLE_OBJC_WEAK = YES;
				CLANG_WARN_BLOCK_CAPTURE_AUTORELEASING = YES;
				CLANG_WARN_BOOL_CONVERSION = YES;
				CLANG_WARN_COMMA = YES;
				CLANG_WARN_CONSTANT_CONVERSION = YES;
				CLANG_WARN_DEPRECATED_OBJC_IMPLEMENTATIONS = YES;
				CLANG_WARN_DIRECT_OBJC_ISA_USAGE = YES_ERROR;
				CLANG_WARN_DOCUMENTATION_COMMENTS = YES;
				CLANG_WARN_EMPTY_BODY = YES;
				CLANG_WARN_ENUM_CONVERSION = YES;
				CLANG_WARN_INFINITE_RECURSION = YES;
				CLANG_WARN_INT_CONVERSION = YES;
				CLANG_WARN_NON_LITERAL_NULL_CONVERSION = YES;
				CLANG_WARN_OBJC_IMPLICIT_RETAIN_SELF = YES;
				CLANG_WARN_OBJC_LITERAL_CONVERSION = YES;
				CLANG_WARN_OBJC_ROOT_CLASS = YES_ERROR;
				CLANG_WARN_QUOTED_INCLUDE_IN_FRAMEWORK_HEADER = YES;
				CLANG_WARN_RANGE_LOOP_ANALYSIS = YES;
				CLANG_WARN_STRICT_PROTOTYPES = YES;
				CLANG_WARN_SUSPICIOUS_MOVE = YES;
				CLANG_WARN_UNGUARDED_AVAILABILITY = YES_AGGRESSIVE;
				CLANG_WARN_UNREACHABLE_CODE = YES;
				CLANG_WARN__DUPLICATE_METHOD_MATCH = YES;
				COPY_PHASE_STRIP = NO;
				DEAD_CODE_STRIPPING = YES;
				DEBUG_INFORMATION_FORMAT = "dwarf-with-dsym";
				DEVELOPMENT_TEAM = G365XP38PA;
				ENABLE_NS_ASSERTIONS = NO;
				ENABLE_STRICT_OBJC_MSGSEND = YES;
				ENABLE_USER_SCRIPT_SANDBOXING = YES;
				GCC_C_LANGUAGE_STANDARD = gnu17;
				GCC_NO_COMMON_BLOCKS = YES;
				GCC_WARN_64_TO_32_BIT_CONVERSION = YES;
				GCC_WARN_ABOUT_RETURN_TYPE = YES_ERROR;
				GCC_WARN_UNDECLARED_SELECTOR = YES;
				GCC_WARN_UNINITIALIZED_AUTOS = YES_AGGRESSIVE;
				GCC_WARN_UNUSED_FUNCTION = YES;
				GCC_WARN_UNUSED_VARIABLE = YES;
				LOCALIZATION_PREFERS_STRING_CATALOGS = YES;
				MACOSX_DEPLOYMENT_TARGET = 26.0;
				MTL_ENABLE_DEBUG_INFO = NO;
				MTL_FAST_MATH = YES;
				SDKROOT = macosx;
				STRING_CATALOG_GENERATE_SYMBOLS = YES;
				SWIFT_COMPILATION_MODE = wholemodule;
			};
			name = Release;
		};
		47E05DFE2D444EC700D26DA6 /* Debug */ = {
			isa = XCBuildConfiguration;
			buildSettings = {
				ASSETCATALOG_COMPILER_APPICON_NAME = AppIcon;
				ASSETCATALOG_COMPILER_GLOBAL_ACCENT_COLOR_NAME = AccentColor;
				AUTOMATION_APPLE_EVENTS = YES;
				CODE_SIGN_ENTITLEMENTS = Kol/Kol.entitlements;
				"CODE_SIGN_IDENTITY[sdk=macosx*]" = "Apple Development";
				CODE_SIGN_STYLE = Automatic;
				COMBINE_HIDPI_IMAGES = YES;
				CURRENT_PROJECT_VERSION = 101;
				DEAD_CODE_STRIPPING = YES;
				DEVELOPMENT_ASSET_PATHS = "\"Kol/Preview Content\"";
				DEVELOPMENT_TEAM = G365XP38PA;
				EMIT_FRONTEND_COMMAND_LINES = YES;
				ENABLE_APP_SANDBOX = YES;
				ENABLE_HARDENED_RUNTIME = YES;
				ENABLE_OUTGOING_NETWORK_CONNECTIONS = YES;
				ENABLE_PREVIEWS = YES;
				ENABLE_RESOURCE_ACCESS_AUDIO_INPUT = YES;
				ENABLE_RESOURCE_ACCESS_CALENDARS = NO;
				ENABLE_RESOURCE_ACCESS_CAMERA = NO;
				ENABLE_RESOURCE_ACCESS_CONTACTS = NO;
				ENABLE_RESOURCE_ACCESS_LOCATION = NO;
				ENABLE_RESOURCE_ACCESS_PHOTO_LIBRARY = NO;
				ENABLE_USER_SCRIPT_SANDBOXING = YES;
				ENABLE_USER_SELECTED_FILES = readwrite;
				GENERATE_INFOPLIST_FILE = YES;
				INFOPLIST_FILE = Kol/Info.plist;
				INFOPLIST_KEY_NSAppleEventsUsageDescription = "Kol needs to control keyboard events to simulate paste operations.";
				INFOPLIST_KEY_NSHumanReadableCopyright = "";
				INFOPLIST_KEY_NSMicrophoneUsageDescription = "Kol needs microphone access in order to transcribe your voice.";
				LD_RUNPATH_SEARCH_PATHS = (
					"$(inherited)",
					"@executable_path/../Frameworks",
				);
				MACOSX_DEPLOYMENT_TARGET = 26.0;
				MARKETING_VERSION = 1.1.0;
				PRODUCT_BUNDLE_IDENTIFIER = com.alandotcom.Kol.debug;
				PRODUCT_NAME = Kol;
				RUNTIME_EXCEPTION_ALLOW_DYLD_ENVIRONMENT_VARIABLES = NO;
				RUNTIME_EXCEPTION_ALLOW_JIT = NO;
				RUNTIME_EXCEPTION_ALLOW_UNSIGNED_EXECUTABLE_MEMORY = NO;
				RUNTIME_EXCEPTION_DEBUGGING_TOOL = NO;
				RUNTIME_EXCEPTION_DISABLE_EXECUTABLE_PAGE_PROTECTION = NO;
				RUNTIME_EXCEPTION_DISABLE_LIBRARY_VALIDATION = YES;
				SWIFT_EMIT_LOC_STRINGS = YES;
				SWIFT_VERSION = 5.0;
			};
			name = Debug;
		};
		47E05DFF2D444EC700D26DA6 /* Release */ = {
			isa = XCBuildConfiguration;
			buildSettings = {
				ASSETCATALOG_COMPILER_APPICON_NAME = AppIcon;
				ASSETCATALOG_COMPILER_GLOBAL_ACCENT_COLOR_NAME = AccentColor;
				AUTOMATION_APPLE_EVENTS = YES;
				CODE_SIGN_ENTITLEMENTS = Kol/Kol.entitlements;
				"CODE_SIGN_IDENTITY[sdk=macosx*]" = "Apple Development";
				CODE_SIGN_STYLE = Automatic;
				COMBINE_HIDPI_IMAGES = YES;
				CURRENT_PROJECT_VERSION = 101;
				DEAD_CODE_STRIPPING = YES;
				DEVELOPMENT_ASSET_PATHS = "\"Kol/Preview Content\"";
				DEVELOPMENT_TEAM = G365XP38PA;
				EMIT_FRONTEND_COMMAND_LINES = NO;
				ENABLE_APP_SANDBOX = YES;
				ENABLE_HARDENED_RUNTIME = YES;
				ENABLE_OUTGOING_NETWORK_CONNECTIONS = YES;
				ENABLE_PREVIEWS = YES;
				ENABLE_RESOURCE_ACCESS_AUDIO_INPUT = YES;
				ENABLE_RESOURCE_ACCESS_CALENDARS = NO;
				ENABLE_RESOURCE_ACCESS_CAMERA = NO;
				ENABLE_RESOURCE_ACCESS_CONTACTS = NO;
				ENABLE_RESOURCE_ACCESS_LOCATION = NO;
				ENABLE_RESOURCE_ACCESS_PHOTO_LIBRARY = NO;
				ENABLE_USER_SELECTED_FILES = readwrite;
				GENERATE_INFOPLIST_FILE = YES;
				INFOPLIST_FILE = Kol/Info.plist;
				INFOPLIST_KEY_NSAppleEventsUsageDescription = "Kol needs to control keyboard events to simulate paste operations.";
				INFOPLIST_KEY_NSHumanReadableCopyright = "";
				INFOPLIST_KEY_NSMicrophoneUsageDescription = "Kol needs microphone access in order to transcribe your voice.";
				LD_RUNPATH_SEARCH_PATHS = (
					"$(inherited)",
					"@executable_path/../Frameworks",
				);
				MACOSX_DEPLOYMENT_TARGET = 26.0;
				MARKETING_VERSION = 1.1.0;
				PRODUCT_BUNDLE_IDENTIFIER = com.alandotcom.Kol;
				PRODUCT_NAME = "$(TARGET_NAME)";
				RUNTIME_EXCEPTION_ALLOW_DYLD_ENVIRONMENT_VARIABLES = NO;
				RUNTIME_EXCEPTION_ALLOW_JIT = NO;
				RUNTIME_EXCEPTION_ALLOW_UNSIGNED_EXECUTABLE_MEMORY = NO;
				RUNTIME_EXCEPTION_DEBUGGING_TOOL = NO;
				RUNTIME_EXCEPTION_DISABLE_EXECUTABLE_PAGE_PROTECTION = NO;
				RUNTIME_EXCEPTION_DISABLE_LIBRARY_VALIDATION = YES;
				SWIFT_EMIT_LOC_STRINGS = YES;
				SWIFT_VERSION = 5.0;
			};
			name = Release;
		};
		D227F9F531C9A21710F783E7 /* Debug */ = {
			isa = XCBuildConfiguration;
			buildSettings = {
				CODE_SIGN_IDENTITY = "Apple Development";
				CODE_SIGN_STYLE = Automatic;
				COMBINE_HIDPI_IMAGES = YES;
				CURRENT_PROJECT_VERSION = 1;
				DEFINES_MODULE = YES;
				DEVELOPMENT_TEAM = G365XP38PA;
				DYLIB_COMPATIBILITY_VERSION = 1;
				DYLIB_CURRENT_VERSION = 1;
				DYLIB_INSTALL_NAME_BASE = "@rpath";
				ENABLE_MODULE_VERIFIER = YES;
				ENABLE_TESTABILITY = YES;
				GENERATE_INFOPLIST_FILE = YES;
				INSTALL_PATH = "$(LOCAL_LIBRARY_DIR)/Frameworks";
				LD_RUNPATH_SEARCH_PATHS = (
					"$(inherited)",
					"@executable_path/../Frameworks",
					"@loader_path/Frameworks",
				);
				MACOSX_DEPLOYMENT_TARGET = 26.0;
				MODULE_VERIFIER_SUPPORTED_LANGUAGE_STANDARDS = "gnu17 gnu++20";
				PRODUCT_BUNDLE_IDENTIFIER = com.alandotcom.KolCore;
				PRODUCT_NAME = "$(TARGET_NAME)";
				SDKROOT = macosx;
				SKIP_INSTALL = YES;
				SWIFT_VERSION = 5.0;
				VERSIONING_SYSTEM = "apple-generic";
				VERSION_INFO_PREFIX = "";
			};
			name = Debug;
		};
/* End XCBuildConfiguration section */

/* Begin XCConfigurationList section */
		478637AB2D48725900319BFA /* Build configuration list for PBXNativeTarget "KolTests" */ = {
			isa = XCConfigurationList;
			buildConfigurations = (
				478637AC2D48725900319BFA /* Debug */,
				478637AD2D48725900319BFA /* Release */,
			);
			defaultConfigurationIsVisible = 0;
			defaultConfigurationName = Release;
		};
		47E05DE92D444EC600D26DA6 /* Build configuration list for PBXProject "Kol" */ = {
			isa = XCConfigurationList;
			buildConfigurations = (
				47E05DFB2D444EC700D26DA6 /* Debug */,
				47E05DFC2D444EC700D26DA6 /* Release */,
			);
			defaultConfigurationIsVisible = 0;
			defaultConfigurationName = Release;
		};
		47E05DFD2D444EC700D26DA6 /* Build configuration list for PBXNativeTarget "Kol" */ = {
			isa = XCConfigurationList;
			buildConfigurations = (
				47E05DFE2D444EC700D26DA6 /* Debug */,
				47E05DFF2D444EC700D26DA6 /* Release */,
			);
			defaultConfigurationIsVisible = 0;
			defaultConfigurationName = Release;
		};
		6AD29015EA26326DE1AE749B /* Build configuration list for PBXNativeTarget "KolCore" */ = {
			isa = XCConfigurationList;
			buildConfigurations = (
				328E1D880B5A4F84E389F480 /* Release */,
				D227F9F531C9A21710F783E7 /* Debug */,
			);
			defaultConfigurationIsVisible = 0;
			defaultConfigurationName = Release;
		};
/* End XCConfigurationList section */

/* Begin XCRemoteSwiftPackageReference section */
		00ACE93179EC4A99179E8CC3 /* XCRemoteSwiftPackageReference "AXorcist" */ = {
			isa = XCRemoteSwiftPackageReference;
			repositoryURL = "https://github.com/steipete/AXorcist.git";
			requirement = {
				kind = upToNextMajorVersion;
				minimumVersion = 0.1.0;
			};
		};
		47512ABD2E14D8C9000E25BA /* XCRemoteSwiftPackageReference "WhisperKit" */ = {
			isa = XCRemoteSwiftPackageReference;
			repositoryURL = "https://github.com/argmaxinc/WhisperKit";
			requirement = {
				kind = upToNextMajorVersion;
				minimumVersion = 0.15.0;
			};
		};
		4765045C2D45900200C7EA60 /* XCRemoteSwiftPackageReference "Pow" */ = {
			isa = XCRemoteSwiftPackageReference;
			repositoryURL = "https://github.com/EmergeTools/Pow";
			requirement = {
				kind = revision;
				revision = 1b4b1dda28c50b95f0872927ee2226fe8b58950e;
			};
		};
		47C08AB42DE9F61B00564AE6 /* XCRemoteSwiftPackageReference "Inject" */ = {
			isa = XCRemoteSwiftPackageReference;
			repositoryURL = "https://github.com/krzysztofzablocki/Inject";
			requirement = {
				kind = upToNextMajorVersion;
				minimumVersion = 1.5.2;
			};
		};
		47E05E002D444EE900D26DA6 /* XCRemoteSwiftPackageReference "swift-composable-architecture" */ = {
			isa = XCRemoteSwiftPackageReference;
			repositoryURL = "https://github.com/pointfreeco/swift-composable-architecture";
			requirement = {
				kind = revision;
				revision = 055ca459ca8f413fe4b91ac1a067627f42d51fa8;
			};
		};
		47E05E032D444EF800D26DA6 /* XCRemoteSwiftPackageReference "Sauce" */ = {
			isa = XCRemoteSwiftPackageReference;
			repositoryURL = "https://github.com/Clipy/Sauce";
			requirement = {
				branch = master;
				kind = branch;
			};
		};
		47E05E082D44525B00D26DA6 /* XCRemoteSwiftPackageReference "swift-dependencies" */ = {
			isa = XCRemoteSwiftPackageReference;
			repositoryURL = "https://github.com/pointfreeco/swift-dependencies";
			requirement = {
				kind = upToNextMajorVersion;
				minimumVersion = 1.11.0;
			};
		};
		47E16A602EC6C9D300885CF7 /* XCRemoteSwiftPackageReference "FluidAudio" */ = {
			isa = XCRemoteSwiftPackageReference;
			repositoryURL = "https://github.com/alandotcom/FluidAudio";
			requirement = {
				branch = "caspi-1.7b-compat";
				kind = branch;
			};
		};
		B5045C952D78DED500D0A119 /* XCRemoteSwiftPackageReference "swift-markdown-ui" */ = {
			isa = XCRemoteSwiftPackageReference;
			repositoryURL = "https://github.com/gonzalezreal/swift-markdown-ui";
			requirement = {
				kind = upToNextMajorVersion;
				minimumVersion = 2.4.1;
			};
		};
/* End XCRemoteSwiftPackageReference section */

/* Begin XCSwiftPackageProductDependency section */
		026BEE407424C5C195DE8F03 /* AXorcist */ = {
			isa = XCSwiftPackageProductDependency;
			package = 00ACE93179EC4A99179E8CC3 /* XCRemoteSwiftPackageReference "AXorcist" */;
			productName = AXorcist;
		};
		15C0465AEB781CAC239453CD /* CasePaths */ = {
			isa = XCSwiftPackageProductDependency;
			productName = CasePaths;
		};
		1A49FDC9D3A96580756DD5ED /* IdentifiedCollections */ = {
			isa = XCSwiftPackageProductDependency;
			productName = IdentifiedCollections;
		};
		214CD0B6112373FF134D3F0C /* Sharing */ = {
			isa = XCSwiftPackageProductDependency;
			productName = Sharing;
		};
		227F0592816A17126D6C6878 /* CustomDump */ = {
			isa = XCSwiftPackageProductDependency;
			productName = CustomDump;
		};
		308BB8438F4D3B47B457BB1D /* ConcurrencyExtras */ = {
			isa = XCSwiftPackageProductDependency;
			productName = ConcurrencyExtras;
		};
		357C1A50A91F15118BC185C4 /* Sharing */ = {
			isa = XCSwiftPackageProductDependency;
			productName = Sharing;
		};
		4F0D6A052F1A000100000002 /* Sharing */ = {
			isa = XCSwiftPackageProductDependency;
			productName = Sharing;
		};
		4F0D6A072F1A000100000003 /* CasePaths */ = {
			isa = XCSwiftPackageProductDependency;
			productName = CasePaths;
		};
		3B9944FCDBF0437F952241BC /* FluidAudio */ = {
			isa = XCSwiftPackageProductDependency;
			package = 47E16A602EC6C9D300885CF7 /* XCRemoteSwiftPackageReference "FluidAudio" */;
			productName = FluidAudio;
		};
		3F2D910B1F803177B9C3D83A /* IssueReporting */ = {
			isa = XCSwiftPackageProductDependency;
			productName = IssueReporting;
		};
		4303D8322FB668DC38AB6018 /* IssueReporting */ = {
			isa = XCSwiftPackageProductDependency;
			productName = IssueReporting;
		};
		47512ABE2E14D8C9000E25BA /* WhisperKit */ = {
			isa = XCSwiftPackageProductDependency;
			package = 47512ABD2E14D8C9000E25BA /* XCRemoteSwiftPackageReference "WhisperKit" */;
			productName = WhisperKit;
		};
		4765045D2D45900200C7EA60 /* Pow */ = {
			isa = XCSwiftPackageProductDependency;
			package = 4765045C2D45900200C7EA60 /* XCRemoteSwiftPackageReference "Pow" */;
			productName = Pow;
		};
		47C08AB52DE9F61B00564AE6 /* Inject */ = {
			isa = XCSwiftPackageProductDependency;
			package = 47C08AB42DE9F61B00564AE6 /* XCRemoteSwiftPackageReference "Inject" */;
			productName = Inject;
		};
		47E05E012D444EE900D26DA6 /* ComposableArchitecture */ = {
			isa = XCSwiftPackageProductDependency;
			package = 47E05E002D444EE900D26DA6 /* XCRemoteSwiftPackageReference "swift-composable-architecture" */;
			productName = ComposableArchitecture;
		};
		47E05E042D444EF800D26DA6 /* Sauce */ = {
			isa = XCSwiftPackageProductDependency;
			package = 47E05E032D444EF800D26DA6 /* XCRemoteSwiftPackageReference "Sauce" */;
			productName = Sauce;
		};
		47E05E092D44525B00D26DA6 /* Dependencies */ = {
			isa = XCSwiftPackageProductDependency;
			package = 47E05E082D44525B00D26DA6 /* XCRemoteSwiftPackageReference "swift-dependencies" */;
			productName = Dependencies;
		};
		47E05E0B2D44525B00D26DA6 /* DependenciesMacros */ = {
			isa = XCSwiftPackageProductDependency;
			package = 47E05E082D44525B00D26DA6 /* XCRemoteSwiftPackageReference "swift-dependencies" */;
			productName = DependenciesMacros;
		};
		47E16A612EC6C9D300885CF7 /* FluidAudio */ = {
			isa = XCSwiftPackageProductDependency;
			package = 47E16A602EC6C9D300885CF7 /* XCRemoteSwiftPackageReference "FluidAudio" */;
			productName = FluidAudio;
		};
		47F37C5EC9694CD4D44182EC /* SwiftNavigation */ = {
			isa = XCSwiftPackageProductDependency;
			productName = SwiftNavigation;
		};
		510DE99898ED98A98EA00074 /* DependenciesMacros */ = {
			isa = XCSwiftPackageProductDependency;
			package = 47E05E082D44525B00D26DA6 /* XCRemoteSwiftPackageReference "swift-dependencies" */;
			productName = DependenciesMacros;
		};
		55EB14581A7A77F45016B74E /* IssueReporting */ = {
			isa = XCSwiftPackageProductDependency;
			productName = IssueReporting;
		};
		5BAEC2B4F7B077AFA58FE153 /* CasePaths */ = {
			isa = XCSwiftPackageProductDependency;
			productName = CasePaths;
		};
		666EE21E76FBCFAFB6CFB6C7 /* Clocks */ = {
			isa = XCSwiftPackageProductDependency;
			productName = Clocks;
		};
		7433F6E64A031D1C4AE440B4 /* XCTestDynamicOverlay */ = {
			isa = XCSwiftPackageProductDependency;
			productName = XCTestDynamicOverlay;
		};
		93CBD2F56664506274695FFE /* ConcurrencyExtras */ = {
			isa = XCSwiftPackageProductDependency;
			productName = ConcurrencyExtras;
		};
		9B1137862CEB38C43538B9BE /* Dependencies */ = {
			isa = XCSwiftPackageProductDependency;
			productName = Dependencies;
		};
		A46E807918773E4595BA1134 /* CustomDump */ = {
			isa = XCSwiftPackageProductDependency;
			productName = CustomDump;
		};
		ADA9CC764388229BF645AC0D /* IdentifiedCollections */ = {
			isa = XCSwiftPackageProductDependency;
			productName = IdentifiedCollections;
		};
		B13BCBF62A0026E6C49C8B23 /* Clocks */ = {
			isa = XCSwiftPackageProductDependency;
			productName = Clocks;
		};
		B5045C962D78DED500D0A119 /* MarkdownUI */ = {
			isa = XCSwiftPackageProductDependency;
			package = B5045C952D78DED500D0A119 /* XCRemoteSwiftPackageReference "swift-markdown-ui" */;
			productName = MarkdownUI;
		};
		C5562093AA581178D34EC294 /* CombineSchedulers */ = {
			isa = XCSwiftPackageProductDependency;
			productName = CombineSchedulers;
		};
		C68C753588DB5F3169873099 /* Perception */ = {
			isa = XCSwiftPackageProductDependency;
			productName = Perception;
		};
		CDA7122B55A3E7005199AC18 /* Sauce */ = {
			isa = XCSwiftPackageProductDependency;
			package = 47E05E032D444EF800D26DA6 /* XCRemoteSwiftPackageReference "Sauce" */;
			productName = Sauce;
		};
		CDE567DF5980ADAAA3B5E3E8 /* Perception */ = {
			isa = XCSwiftPackageProductDependency;
			productName = Perception;
		};
		D0046C259393F2A4938AB19A /* DependenciesMacros */ = {
			isa = XCSwiftPackageProductDependency;
			productName = DependenciesMacros;
		};
		D8214A7E522E16B329D19381 /* SwiftNavigation */ = {
			isa = XCSwiftPackageProductDependency;
			productName = SwiftNavigation;
		};
		D8F03E26D6C7C1DADA9EBD5C /* Dependencies */ = {
			isa = XCSwiftPackageProductDependency;
			package = 47E05E082D44525B00D26DA6 /* XCRemoteSwiftPackageReference "swift-dependencies" */;
			productName = Dependencies;
		};
		E8AAC6380D96264606627FFE /* ComposableArchitecture */ = {
			isa = XCSwiftPackageProductDependency;
			package = 47E05E002D444EE900D26DA6 /* XCRemoteSwiftPackageReference "swift-composable-architecture" */;
			productName = ComposableArchitecture;
		};
		F2A621BA7C114F699E1DE995 /* WhisperKit */ = {
			isa = XCSwiftPackageProductDependency;
			package = 47512ABD2E14D8C9000E25BA /* XCRemoteSwiftPackageReference "WhisperKit" */;
			productName = WhisperKit;
		};
		F54DF918503E20282D61202F /* Sauce */ = {
			isa = XCSwiftPackageProductDependency;
			productName = Sauce;
		};
		F5743EA87D52A3991976EB0E /* ConcurrencyExtras */ = {
			isa = XCSwiftPackageProductDependency;
			productName = ConcurrencyExtras;
		};
/* End XCSwiftPackageProductDependency section */
	};
	rootObject = 47E05DE62D444EC600D26DA6 /* Project object */;
}
